[[package]]
name = "attrs"
version = "22.1.0"
requires_python = ">=3.5"
summary = "Classes Without Boilerplate"

[[package]]
name = "blessings"
version = "1.7"
requires_python = ">=2.7, !=3.0.*, !=3.1.*, !=3.2.*, !=3.3.*"
summary = "A thin, practical wrapper around terminal coloring, styling, and positioning"
dependencies = [
    "six",
]

[[package]]
name = "more-itertools"
version = "9.0.0"
requires_python = ">=3.7"
summary = "More routines for operating on iterables, beyond itertools"

[[package]]
name = "networkx"
version = "2.8.8"
requires_python = ">=3.8"
summary = "Python package for creating and manipulating graphs and networks"

[[package]]
name = "six"
version = "1.16.0"
requires_python = ">=2.7, !=3.0.*, !=3.1.*, !=3.2.*"
summary = "Python 2 and 3 compatibility utilities"

[metadata]
lock_version = "4.0"
content_hash = "sha256:2f69725b27a66986529e4ee28dde3efcfd3ee92c9ed31a023cf43b0df70caf35"

[metadata.files]
"attrs 22.1.0" = [
    {url = "https://files.pythonhosted.org/packages/1a/cb/c4ffeb41e7137b23755a45e1bfec9cbb76ecf51874c6f1d113984ecaa32c/attrs-22.1.0.tar.gz", hash = "sha256:29adc2665447e5191d0e7c568fde78b21f9672d344281d0c6e1ab085429b22b6"},
    {url = "https://files.pythonhosted.org/packages/f2/bc/d817287d1aa01878af07c19505fafd1165cd6a119e9d0821ca1d1c20312d/attrs-22.1.0-py2.py3-none-any.whl", hash = "sha256:86efa402f67bf2df34f51a335487cf46b1ec130d02b8d39fd248abfd30da551c"},
]
"blessings 1.7" = [
    {url = "https://files.pythonhosted.org/packages/03/74/489f85a78247609c6b4f13733cbf3ba0d864b11aa565617b645d6fdf2a4a/blessings-1.7-py3-none-any.whl", hash = "sha256:b1fdd7e7a675295630f9ae71527a8ebc10bfefa236b3d6aa4932ee4462c17ba3"},
    {url = "https://files.pythonhosted.org/packages/5c/f8/9f5e69a63a9243448350b44c87fae74588aa634979e6c0c501f26a4f6df7/blessings-1.7.tar.gz", hash = "sha256:98e5854d805f50a5b58ac2333411b0482516a8210f23f43308baeb58d77c157d"},
    {url = "https://files.pythonhosted.org/packages/8d/b1/a3fe6fd8a012e6d019bafd671c2fee0597ea97ff2e76c25aadfa4545fc32/blessings-1.7-py2-none-any.whl", hash = "sha256:caad5211e7ba5afe04367cdd4cfc68fa886e2e08f6f35e76b7387d2109ccea6e"},
]
"more-itertools 9.0.0" = [
    {url = "https://files.pythonhosted.org/packages/13/b3/397aa9668da8b1f0c307bc474608653d46122ae0563d1d32f60e24fa0cbd/more-itertools-9.0.0.tar.gz", hash = "sha256:5a6257e40878ef0520b1803990e3e22303a41b5714006c32a3fd8304b26ea1ab"},
    {url = "https://files.pythonhosted.org/packages/5d/87/1ec3fcc09d2c04b977eabf8a1083222f82eaa2f46d5a4f85f403bf8e7b30/more_itertools-9.0.0-py3-none-any.whl", hash = "sha256:250e83d7e81d0c87ca6bd942e6aeab8cc9daa6096d12c5308f3f92fa5e5c1f41"},
]
"networkx 2.8.8" = [
    {url = "https://files.pythonhosted.org/packages/42/31/d2f89f1ae42718f8c8a9e440ebe38d7d5fe1e0d9eb9178ce779e365b3ab0/networkx-2.8.8-py3-none-any.whl", hash = "sha256:e435dfa75b1d7195c7b8378c3859f0445cd88c6b0375c181ed66823a9ceb7524"},
    {url = "https://files.pythonhosted.org/packages/cd/16/c44e8550012735b8f21b3df7f39e8ba5a987fb764ac017ad5f3589735889/networkx-2.8.8.tar.gz", hash = "sha256:230d388117af870fce5647a3c52401fcf753e94720e6ea6b4197a5355648885e"},
]
"six 1.16.0" = [
    {url = "https://files.pythonhosted.org/packages/71/39/171f1c67cd00715f190ba0b100d606d440a28c93c7714febeca8b79af85e/six-1.16.0.tar.gz", hash = "sha256:1e61c37477a1626458e36f7b1d82aa5c9b094fa4802892072e49de9c60c4c926"},
    {url = "https://files.pythonhosted.org/packages/d9/5a/e7c31adbe875f2abbb91bd84cf2dc52d792b5a01506781dbcf25c91daf11/six-1.16.0-py2.py3-none-any.whl", hash = "sha256:8abb2f1d86890a2dfb989f9a77cfcfd3e47c2a354b01111771326f8aa26e0254"},
]
